// !$*UTF8*$!
{
	archiveVersion = 1;
	classes = {
	};
	objectVersion = 48;
	objects = {

/* Begin PBXBuildFile section */
		A1209E24216B94ED00A80B83 /* AppDelegate.swift in Sources */ = {isa = PBXBuildFile; fileRef = A1209E23216B94ED00A80B83 /* AppDelegate.swift */; };
		A1209E26216B94ED00A80B83 /* WelcomeController.swift in Sources */ = {isa = PBXBuildFile; fileRef = A1209E25216B94ED00A80B83 /* WelcomeController.swift */; };
		A1209E2B216B94ED00A80B83 /* Assets.xcassets in Resources */ = {isa = PBXBuildFile; fileRef = A1209E2A216B94ED00A80B83 /* Assets.xcassets */; };
		A1209E2E216B94ED00A80B83 /* LaunchScreen.storyboard in Resources */ = {isa = PBXBuildFile; fileRef = A1209E2C216B94ED00A80B83 /* LaunchScreen.storyboard */; };
		A14C0853216D0BB2001A7990 /* GDGradient.swift in Sources */ = {isa = PBXBuildFile; fileRef = A14C0852216D0BB2001A7990 /* GDGradient.swift */; };
		A14C0855216D14AC001A7990 /* extension.swift in Sources */ = {isa = PBXBuildFile; fileRef = A14C0854216D14AC001A7990 /* extension.swift */; };
		A14D68602174FBF80074CB60 /* GDButton.swift in Sources */ = {isa = PBXBuildFile; fileRef = A14D685F2174FBF80074CB60 /* GDButton.swift */; };
		A14D6864217509150074CB60 /* ListController.swift in Sources */ = {isa = PBXBuildFile; fileRef = A14D6863217509150074CB60 /* ListController.swift */; };
		A14DFE6B216FAC5E006E752F /* GDLabel.swift in Sources */ = {isa = PBXBuildFile; fileRef = A14DFE6A216FAC5E006E752F /* GDLabel.swift */; };
		A189C2DF21823B4B00621D79 /* GDHeaderView.swift in Sources */ = {isa = PBXBuildFile; fileRef = A189C2DE21823B4B00621D79 /* GDHeaderView.swift */; };
/* End PBXBuildFile section */

/* Begin PBXFileReference section */
		A1209E20216B94EC00A80B83 /* IOSDEV.app */ = {isa = PBXFileReference; explicitFileType = wrapper.application; includeInIndex = 0; path = IOSDEV.app; sourceTree = BUILT_PRODUCTS_DIR; };
		A1209E23216B94ED00A80B83 /* AppDelegate.swift */ = {isa = PBXFileReference; lastKnownFileType = sourcecode.swift; path = AppDelegate.swift; sourceTree = "<group>"; };
		A1209E25216B94ED00A80B83 /* WelcomeController.swift */ = {isa = PBXFileReference; lastKnownFileType = sourcecode.swift; path = WelcomeController.swift; sourceTree = "<group>"; };
		A1209E2A216B94ED00A80B83 /* Assets.xcassets */ = {isa = PBXFileReference; lastKnownFileType = folder.assetcatalog; path = Assets.xcassets; sourceTree = "<group>"; };
		A1209E2D216B94ED00A80B83 /* Base */ = {isa = PBXFileReference; lastKnownFileType = file.storyboard; name = Base; path = Base.lproj/LaunchScreen.storyboard; sourceTree = "<group>"; };
		A1209E2F216B94ED00A80B83 /* Info.plist */ = {isa = PBXFileReference; lastKnownFileType = text.plist.xml; path = Info.plist; sourceTree = "<group>"; };
		A14C0852216D0BB2001A7990 /* GDGradient.swift */ = {isa = PBXFileReference; lastKnownFileType = sourcecode.swift; path = GDGradient.swift; sourceTree = "<group>"; };
		A14C0854216D14AC001A7990 /* extension.swift */ = {isa = PBXFileReference; lastKnownFileType = sourcecode.swift; path = extension.swift; sourceTree = "<group>"; };
		A14D685F2174FBF80074CB60 /* GDButton.swift */ = {isa = PBXFileReference; lastKnownFileType = sourcecode.swift; name = GDButton.swift; path = IOSDEV/Costom/GDButton.swift; sourceTree = SOURCE_ROOT; };
		A14D6863217509150074CB60 /* ListController.swift */ = {isa = PBXFileReference; lastKnownFileType = sourcecode.swift; path = ListController.swift; sourceTree = "<group>"; };
		A14D9A7A2172769900B39DB4 /* OpenSans-Light.ttf */ = {isa = PBXFileReference; lastKnownFileType = file; path = "OpenSans-Light.ttf"; sourceTree = "<group>"; };
		A14D9A7B2172783900B39DB4 /* OpenSans-SemiBold.ttf */ = {isa = PBXFileReference; lastKnownFileType = file; path = "OpenSans-SemiBold.ttf"; sourceTree = "<group>"; };
		A14DFE6A216FAC5E006E752F /* GDLabel.swift */ = {isa = PBXFileReference; lastKnownFileType = sourcecode.swift; name = GDLabel.swift; path = IOSDEV/Costom/GDLabel.swift; sourceTree = SOURCE_ROOT; };
		A189C2DE21823B4B00621D79 /* GDHeaderView.swift */ = {isa = PBXFileReference; lastKnownFileType = sourcecode.swift; name = GDHeaderView.swift; path = IOSDEV/Costom/GDHeaderView.swift; sourceTree = SOURCE_ROOT; };
/* End PBXFileReference section */

/* Begin PBXFrameworksBuildPhase section */
		A1209E1D216B94EC00A80B83 /* Frameworks */ = {
			isa = PBXFrameworksBuildPhase;
			buildActionMask = 2147483647;
			files = (
			);
			runOnlyForDeploymentPostprocessing = 0;
		};
/* End PBXFrameworksBuildPhase section */

/* Begin PBXGroup section */
		A1209E17216B94EB00A80B83 = {
			isa = PBXGroup;
			children = (
				A1209E22216B94EC00A80B83 /* IOSDEV */,
				A1209E21216B94EC00A80B83 /* Products */,
			);
			sourceTree = "<group>";
		};
		A1209E21216B94EC00A80B83 /* Products */ = {
			isa = PBXGroup;
			children = (
				A1209E20216B94EC00A80B83 /* IOSDEV.app */,
			);
			name = Products;
			sourceTree = "<group>";
		};
		A1209E22216B94EC00A80B83 /* IOSDEV */ = {
			isa = PBXGroup;
			children = (
				A1209E23216B94ED00A80B83 /* AppDelegate.swift */,
				A1CCB5C12182420D00A71079 /* Costom */,
				A14D9A792172750F00B39DB4 /* fonts */,
				A14C0856216D14C0001A7990 /* extension */,
				A1CCB5C22182426400A71079 /* Controller */,
				A1209E2A216B94ED00A80B83 /* Assets.xcassets */,
				A1209E2C216B94ED00A80B83 /* LaunchScreen.storyboard */,
				A1209E2F216B94ED00A80B83 /* Info.plist */,
			);
			path = IOSDEV;
			sourceTree = "<group>";
		};
		A14C0856216D14C0001A7990 /* extension */ = {
			isa = PBXGroup;
			children = (
				A14C0854216D14AC001A7990 /* extension.swift */,
			);
			path = extension;
			sourceTree = "<group>";
		};
		A14D9A792172750F00B39DB4 /* fonts */ = {
			isa = PBXGroup;
			children = (
				A14D9A7B2172783900B39DB4 /* OpenSans-SemiBold.ttf */,
				A14D9A7A2172769900B39DB4 /* OpenSans-Light.ttf */,
			);
			name = fonts;
			path = IOSDEV/fonts;
			sourceTree = SOURCE_ROOT;
		};
		A1CCB5C12182420D00A71079 /* Costom */ = {
			isa = PBXGroup;
			children = (
				A14C0852216D0BB2001A7990 /* GDGradient.swift */,
				A14DFE6A216FAC5E006E752F /* GDLabel.swift */,
				A14D685F2174FBF80074CB60 /* GDButton.swift */,
				A189C2DE21823B4B00621D79 /* GDHeaderView.swift */,
			);
			path = Costom;
			sourceTree = "<group>";
		};
		A1CCB5C22182426400A71079 /* Controller */ = {
			isa = PBXGroup;
			children = (
				A1209E25216B94ED00A80B83 /* WelcomeController.swift */,
				A14D6863217509150074CB60 /* ListController.swift */,
			);
			path = Controller;
			sourceTree = "<group>";
		};
/* End PBXGroup section */

/* Begin PBXNativeTarget section */
		A1209E1F216B94EC00A80B83 /* IOSDEV */ = {
			isa = PBXNativeTarget;
			buildConfigurationList = A1209E32216B94ED00A80B83 /* Build configuration list for PBXNativeTarget "IOSDEV" */;
			buildPhases = (
				A1209E1C216B94EC00A80B83 /* Sources */,
				A1209E1D216B94EC00A80B83 /* Frameworks */,
				A1209E1E216B94EC00A80B83 /* Resources */,
			);
			buildRules = (
			);
			dependencies = (
			);
			name = IOSDEV;
			productName = IOSDEV;
			productReference = A1209E20216B94EC00A80B83 /* IOSDEV.app */;
			productType = "com.apple.product-type.application";
		};
/* End PBXNativeTarget section */

/* Begin PBXProject section */
		A1209E18216B94EB00A80B83 /* Project object */ = {
			isa = PBXProject;
			attributes = {
				LastSwiftUpdateCheck = 0900;
				LastUpgradeCheck = 0900;
				ORGANIZATIONNAME = sinbad;
				TargetAttributes = {
					A1209E1F216B94EC00A80B83 = {
						CreatedOnToolsVersion = 9.0;
					};
				};
			};
			buildConfigurationList = A1209E1B216B94EB00A80B83 /* Build configuration list for PBXProject "IOSDEV" */;
			compatibilityVersion = "Xcode 8.0";
			developmentRegion = en;
			hasScannedForEncodings = 0;
			knownRegions = (
				en,
				Base,
			);
			mainGroup = A1209E17216B94EB00A80B83;
			productRefGroup = A1209E21216B94EC00A80B83 /* Products */;
			projectDirPath = "";
			projectRoot = "";
			targets = (
				A1209E1F216B94EC00A80B83 /* IOSDEV */,
			);
		};
/* End PBXProject section */

/* Begin PBXResourcesBuildPhase section */
		A1209E1E216B94EC00A80B83 /* Resources */ = {
			isa = PBXResourcesBuildPhase;
			buildActionMask = 2147483647;
			files = (
				A1209E2E216B94ED00A80B83 /* LaunchScreen.storyboard in Resources */,
				A1209E2B216B94ED00A80B83 /* Assets.xcassets in Resources */,
			);
			runOnlyForDeploymentPostprocessing = 0;
		};
/* End PBXResourcesBuildPhase section */

/* Begin PBXSourcesBuildPhase section */
		A1209E1C216B94EC00A80B83 /* Sources */ = {
			isa = PBXSourcesBuildPhase;
			buildActionMask = 2147483647;
			files = (
				A1209E26216B94ED00A80B83 /* WelcomeController.swift in Sources */,
				A14C0853216D0BB2001A7990 /* GDGradient.swift in Sources */,
				A1209E24216B94ED00A80B83 /* AppDelegate.swift in Sources */,
				A14C0855216D14AC001A7990 /* extension.swift in Sources */,
				A189C2DF21823B4B00621D79 /* GDHeaderView.swift in Sources */,
				A14D68602174FBF80074CB60 /* GDButton.swift in Sources */,
				A14DFE6B216FAC5E006E752F /* GDLabel.swift in Sources */,
				A14D6864217509150074CB60 /* ListController.swift in Sources */,
			);
			runOnlyForDeploymentPostprocessing = 0;
		};
/* End PBXSourcesBuildPhase section */

/* Begin PBXVariantGroup section */
		A1209E2C216B94ED00A80B83 /* LaunchScreen.storyboard */ = {
			isa = PBXVariantGroup;
			children = (
				A1209E2D216B94ED00A80B83 /* Base */,
			);
			name = LaunchScreen.storyboard;
			sourceTree = "<group>";
		};
/* End PBXVariantGroup section */

/* Begin XCBuildConfiguration section */
		A1209E30216B94ED00A80B83 /* Debug */ = {
			isa = XCBuildConfiguration;
			buildSettings = {
				ALWAYS_SEARCH_USER_PATHS = NO;
				CLANG_ANALYZER_NONNULL = YES;
				CLANG_ANALYZER_NUMBER_OBJECT_CONVERSION = YES_AGGRESSIVE;
				CLANG_CXX_LANGUAGE_STANDARD = "gnu++14";
				CLANG_CXX_LIBRARY = "libc++";
				CLANG_ENABLE_MODULES = YES;
				CLANG_ENABLE_OBJC_ARC = YES;
				CLANG_WARN_BLOCK_CAPTURE_AUTORELEASING = YES;
				CLANG_WARN_BOOL_CONVERSION = YES;
				CLANG_WARN_COMMA = YES;
				CLANG_WARN_CONSTANT_CONVERSION = YES;
				CLANG_WARN_DIRECT_OBJC_ISA_USAGE = YES_ERROR;
				CLANG_WARN_DOCUMENTATION_COMMENTS = YES;
				CLANG_WARN_EMPTY_BODY = YES;
				CLANG_WARN_ENUM_CONVERSION = YES;
				CLANG_WARN_INFINITE_RECURSION = YES;
				CLANG_WARN_INT_CONVERSION = YES;
				CLANG_WARN_OBJC_ROOT_CLASS = YES_ERROR;
				CLANG_WARN_RANGE_LOOP_ANALYSIS = YES;
				CLANG_WARN_STRICT_PROTOTYPES = YES;
				CLANG_WARN_SUSPICIOUS_MOVE = YES;
				CLANG_WARN_UNGUARDED_AVAILABILITY = YES_AGGRESSIVE;
				CLANG_WARN_UNREACHABLE_CODE = YES;
				CLANG_WARN__DUPLICATE_METHOD_MATCH = YES;
				CODE_SIGN_IDENTITY = "iPhone Developer";
				COPY_PHASE_STRIP = NO;
				DEBUG_INFORMATION_FORMAT = dwarf;
				ENABLE_STRICT_OBJC_MSGSEND = YES;
				ENABLE_TESTABILITY = YES;
				GCC_C_LANGUAGE_STANDARD = gnu11;
				GCC_DYNAMIC_NO_PIC = NO;
				GCC_NO_COMMON_BLOCKS = YES;
				GCC_OPTIMIZATION_LEVEL = 0;
				GCC_PREPROCESSOR_DEFINITIONS = (
					"DEBUG=1",
					"$(inherited)",
				);
				GCC_WARN_64_TO_32_BIT_CONVERSION = YES;
				GCC_WARN_ABOUT_RETURN_TYPE = YES_ERROR;
				GCC_WARN_UNDECLARED_SELECTOR = YES;
				GCC_WARN_UNINITIALIZED_AUTOS = YES_AGGRESSIVE;
				GCC_WARN_UNUSED_FUNCTION = YES;
				GCC_WARN_UNUSED_VARIABLE = YES;
				IPHONEOS_DEPLOYMENT_TARGET = 11.0;
				MTL_ENABLE_DEBUG_INFO = YES;
				ONLY_ACTIVE_ARCH = YES;
				SDKROOT = iphoneos;
				SWIFT_ACTIVE_COMPILATION_CONDITIONS = DEBUG;
				SWIFT_OPTIMIZATION_LEVEL = "-Onone";
			};
			name = Debug;
		};
		A1209E31216B94ED00A80B83 /* Release */ = {
			isa = XCBuildConfiguration;
			buildSettings = {
				ALWAYS_SEARCH_USER_PATHS = NO;
				CLANG_ANALYZER_NONNULL = YES;
				CLANG_ANALYZER_NUMBER_OBJECT_CONVERSION = YES_AGGRESSIVE;
				CLANG_CXX_LANGUAGE_STANDARD = "gnu++14";
				CLANG_CXX_LIBRARY = "libc++";
				CLANG_ENABLE_MODULES = YES;
				CLANG_ENABLE_OBJC_ARC = YES;
				CLANG_WARN_BLOCK_CAPTURE_AUTORELEASING = YES;
				CLANG_WARN_BOOL_CONVERSION = YES;
				CLANG_WARN_COMMA = YES;
				CLANG_WARN_CONSTANT_CONVERSION = YES;
				CLANG_WARN_DIRECT_OBJC_ISA_USAGE = YES_ERROR;
				CLANG_WARN_DOCUMENTATION_COMMENTS = YES;
				CLANG_WARN_EMPTY_BODY = YES;
				CLANG_WARN_ENUM_CONVERSION = YES;
				CLANG_WARN_INFINITE_RECURSION = YES;
				CLANG_WARN_INT_CONVERSION = YES;
				CLANG_WARN_OBJC_ROOT_CLASS = YES_ERROR;
				CLANG_WARN_RANGE_LOOP_ANALYSIS = YES;
				CLANG_WARN_STRICT_PROTOTYPES = YES;
				CLANG_WARN_SUSPICIOUS_MOVE = YES;
				CLANG_WARN_UNGUARDED_AVAILABILITY = YES_AGGRESSIVE;
				CLANG_WARN_UNREACHABLE_CODE = YES;
				CLANG_WARN__DUPLICATE_METHOD_MATCH = YES;
				CODE_SIGN_IDENTITY = "iPhone Developer";
				COPY_PHASE_STRIP = NO;
				DEBUG_INFORMATION_FORMAT = "dwarf-with-dsym";
				ENABLE_NS_ASSERTIONS = NO;
				ENABLE_STRICT_OBJC_MSGSEND = YES;
				GCC_C_LANGUAGE_STANDARD = gnu11;
				GCC_NO_COMMON_BLOCKS = YES;
				GCC_WARN_64_TO_32_BIT_CONVERSION = YES;
				GCC_WARN_ABOUT_RETURN_TYPE = YES_ERROR;
				GCC_WARN_UNDECLARED_SELECTOR = YES;
				GCC_WARN_UNINITIALIZED_AUTOS = YES_AGGRESSIVE;
				GCC_WARN_UNUSED_FUNCTION = YES;
				GCC_WARN_UNUSED_VARIABLE = YES;
				IPHONEOS_DEPLOYMENT_TARGET = 11.0;
				MTL_ENABLE_DEBUG_INFO = NO;
				SDKROOT = iphoneos;
				SWIFT_OPTIMIZATION_LEVEL = "-Owholemodule";
				VALIDATE_PRODUCT = YES;
			};
			name = Release;
		};
		A1209E33216B94ED00A80B83 /* Debug */ = {
			isa = XCBuildConfiguration;
			buildSettings = {
				ASSETCATALOG_COMPILER_APPICON_NAME = AppIcon;
				DEVELOPMENT_TEAM = NP842JM2GM;
				INFOPLIST_FILE = IOSDEV/Info.plist;
				LD_RUNPATH_SEARCH_PATHS = "$(inherited) @executable_path/Frameworks";
				PRODUCT_BUNDLE_IDENTIFIER = com.devsloop.IOSDEV;
				PRODUCT_NAME = "$(TARGET_NAME)";
				SWIFT_VERSION = 4.0;
				TARGETED_DEVICE_FAMILY = "1,2";
			};
			name = Debug;
		};
		A1209E34216B94ED00A80B83 /* Release */ = {
			isa = XCBuildConfiguration;
			buildSettings = {
				ASSETCATALOG_COMPILER_APPICON_NAME = AppIcon;
				DEVELOPMENT_TEAM = NP842JM2GM;
				INFOPLIST_FILE = IOSDEV/Info.plist;
				LD_RUNPATH_SEARCH_PATHS = "$(inherited) @executable_path/Frameworks";
				PRODUCT_BUNDLE_IDENTIFIER = com.devsloop.IOSDEV;
				PRODUCT_NAME = "$(TARGET_NAME)";
				SWIFT_VERSION = 4.0;
				TARGETED_DEVICE_FAMILY = "1,2";
			};
			name = Release;
		};
/* End XCBuildConfiguration section */

/* Begin XCConfigurationList section */
		A1209E1B216B94EB00A80B83 /* Build configuration list for PBXProject "IOSDEV" */ = {
			isa = XCConfigurationList;
			buildConfigurations = (
				A1209E30216B94ED00A80B83 /* Debug */,
				A1209E31216B94ED00A80B83 /* Release */,
			);
			defaultConfigurationIsVisible = 0;
			defaultConfigurationName = Release;
		};
		A1209E32216B94ED00A80B83 /* Build configuration list for PBXNativeTarget "IOSDEV" */ = {
			isa = XCConfigurationList;
			buildConfigurations = (
				A1209E33216B94ED00A80B83 /* Debug */,
				A1209E34216B94ED00A80B83 /* Release */,
			);
			defaultConfigurationIsVisible = 0;
			defaultConfigurationName = Release;
		};
/* End XCConfigurationList section */
	};
	rootObject = A1209E18216B94EB00A80B83 /* Project object */;
}
